
Microsoft Visual Studio Solution File, Format Version 12.00
# Visual Studio Version 17
VisualStudioVersion = 17.3.32901.215
MinimumVisualStudioVersion = 10.0.40219.1
Project("{FAE04EC0-301F-11D3-BF4B-00C04F79EFBC}") = "Bolum2 Uygulama 3", "Bolum2 Uygulama 3\Bolum2 Uygulama 3.csproj", "{CCBCC72B-0FCB-4D56-9820-E27568DEF555}"
EndProject
Global
	GlobalSection(SolutionConfigurationPlatforms) = preSolution
		Debug|Any CPU = Debug|Any CPU
		Release|Any CPU = Release|Any CPU
	EndGlobalSection
	GlobalSection(ProjectConfigurationPlatforms) = postSolution
		{CCBCC72B-0FCB-4D56-9820-E27568DEF555}.Debug|Any CPU.ActiveCfg = Debug|Any CPU
		{CCBCC72B-0FCB-4D56-9820-E27568DEF555}.Debug|Any CPU.Build.0 = Debug|Any CPU
		{CCBCC72B-0FCB-4D56-9820-E27568DEF555}.Release|Any CPU.ActiveCfg = Release|Any CPU
		{CCBCC72B-0FCB-4D56-9820-E27568DEF555}.Release|Any CPU.Build.0 = Release|Any CPU
	EndGlobalSection
	GlobalSection(SolutionProperties) = preSolution
		HideSolutionNode = FALSE
	EndGlobalSection
	GlobalSection(ExtensibilityGlobals) = postSolution
		SolutionGuid = {AA5EABC8-14CC-41D7-BE53-E2044AA4F848}
	EndGlobalSection
EndGlobal
